
Microsoft Visual Studio Solution File, Format Version 12.00
# Visual Studio Version 16
VisualStudioVersion = 16.0.30907.101
MinimumVisualStudioVersion = 10.0.40219.1
Project("{FAE04EC0-301F-11D3-BF4B-00C04F79EFBC}") = "mn", "mn\mn.csproj", "{09954D28-9A4C-4774-A55C-FE81C3992E30}"
EndProject
Global
	GlobalSection(SolutionConfigurationPlatforms) = preSolution
		Debug|Any CPU = Debug|Any CPU
		Release|Any CPU = Release|Any CPU
	EndGlobalSection
	GlobalSection(ProjectConfigurationPlatforms) = postSolution
		{09954D28-9A4C-4774-A55C-FE81C3992E30}.Debug|Any CPU.ActiveCfg = Debug|Any CPU
		{09954D28-9A4C-4774-A55C-FE81C3992E30}.Debug|Any CPU.Build.0 = Debug|Any CPU
		{09954D28-9A4C-4774-A55C-FE81C3992E30}.Release|Any CPU.ActiveCfg = Release|Any CPU
		{09954D28-9A4C-4774-A55C-FE81C3992E30}.Release|Any CPU.Build.0 = Release|Any CPU
	EndGlobalSection
	GlobalSection(SolutionProperties) = preSolution
		HideSolutionNode = FALSE
	EndGlobalSection
	GlobalSection(ExtensibilityGlobals) = postSolution
		SolutionGuid = {FDE968DB-8DFA-4D5E-87DC-F2FBEC1C1356}
	EndGlobalSection
EndGlobal
